
Microsoft Visual Studio Solution File, Format Version 12.00
# Visual Studio 15
Project("{FAE04EC0-301F-11D3-BF4B-00C04F79EFBC}") = "SteamVR", "SteamVR.csproj", "{94153D80-8C25-6F43-DA2D-9B55B5465E74}"
EndProject
Project("{FAE04EC0-301F-11D3-BF4B-00C04F79EFBC}") = "Assembly-CSharp", "Assembly-CSharp.csproj", "{1637C843-711D-23C5-1489-34CAE9A7AE78}"
EndProject
Project("{FAE04EC0-301F-11D3-BF4B-00C04F79EFBC}") = "SteamVR_Editor", "SteamVR_Editor.csproj", "{87756452-768A-29EA-FDB3-306E3AF0DECB}"
EndProject
Project("{FAE04EC0-301F-11D3-BF4B-00C04F79EFBC}") = "SteamVR_Input_Editor", "SteamVR_Input_Editor.csproj", "{D4723955-44E1-EABA-CF8C-73BD828413ED}"
EndProject
Project("{FAE04EC0-301F-11D3-BF4B-00C04F79EFBC}") = "SteamVR_Windows_EditorHelper", "SteamVR_Windows_EditorHelper.csproj", "{8D0F7440-3F96-2CA4-92C9-EDB713F55A96}"
EndProject
Global
	GlobalSection(SolutionConfigurationPlatforms) = preSolution
		Debug|Any CPU = Debug|Any CPU
		Release|Any CPU = Release|Any CPU
	EndGlobalSection
	GlobalSection(ProjectConfigurationPlatforms) = postSolution
		{94153D80-8C25-6F43-DA2D-9B55B5465E74}.Debug|Any CPU.ActiveCfg = Debug|Any CPU
		{94153D80-8C25-6F43-DA2D-9B55B5465E74}.Debug|Any CPU.Build.0 = Debug|Any CPU
		{94153D80-8C25-6F43-DA2D-9B55B5465E74}.Release|Any CPU.ActiveCfg = Release|Any CPU
		{94153D80-8C25-6F43-DA2D-9B55B5465E74}.Release|Any CPU.Build.0 = Release|Any CPU
		{1637C843-711D-23C5-1489-34CAE9A7AE78}.Debug|Any CPU.ActiveCfg = Debug|Any CPU
		{1637C843-711D-23C5-1489-34CAE9A7AE78}.Debug|Any CPU.Build.0 = Debug|Any CPU
		{1637C843-711D-23C5-1489-34CAE9A7AE78}.Release|Any CPU.ActiveCfg = Release|Any CPU
		{1637C843-711D-23C5-1489-34CAE9A7AE78}.Release|Any CPU.Build.0 = Release|Any CPU
		{87756452-768A-29EA-FDB3-306E3AF0DECB}.Debug|Any CPU.ActiveCfg = Debug|Any CPU
		{87756452-768A-29EA-FDB3-306E3AF0DECB}.Debug|Any CPU.Build.0 = Debug|Any CPU
		{87756452-768A-29EA-FDB3-306E3AF0DECB}.Release|Any CPU.ActiveCfg = Release|Any CPU
		{87756452-768A-29EA-FDB3-306E3AF0DECB}.Release|Any CPU.Build.0 = Release|Any CPU
		{D4723955-44E1-EABA-CF8C-73BD828413ED}.Debug|Any CPU.ActiveCfg = Debug|Any CPU
		{D4723955-44E1-EABA-CF8C-73BD828413ED}.Debug|Any CPU.Build.0 = Debug|Any CPU
		{D4723955-44E1-EABA-CF8C-73BD828413ED}.Release|Any CPU.ActiveCfg = Release|Any CPU
		{D4723955-44E1-EABA-CF8C-73BD828413ED}.Release|Any CPU.Build.0 = Release|Any CPU
		{8D0F7440-3F96-2CA4-92C9-EDB713F55A96}.Debug|Any CPU.ActiveCfg = Debug|Any CPU
		{8D0F7440-3F96-2CA4-92C9-EDB713F55A96}.Debug|Any CPU.Build.0 = Debug|Any CPU
		{8D0F7440-3F96-2CA4-92C9-EDB713F55A96}.Release|Any CPU.ActiveCfg = Release|Any CPU
		{8D0F7440-3F96-2CA4-92C9-EDB713F55A96}.Release|Any CPU.Build.0 = Release|Any CPU
	EndGlobalSection
	GlobalSection(SolutionProperties) = preSolution
		HideSolutionNode = FALSE
	EndGlobalSection
EndGlobal
